
Microsoft Visual Studio Solution File, Format Version 12.00
# Visual Studio Version 17
VisualStudioVersion = 17.5.33424.131
MinimumVisualStudioVersion = 10.0.40219.1
Project("{FAE04EC0-301F-11D3-BF4B-00C04F79EFBC}") = "basic-server-api", "basic-server-api.csproj", "{F28F74BA-94DD-4CBD-AC5F-D4C5086BBF79}"
EndProject
Global
	GlobalSection(SolutionConfigurationPlatforms) = preSolution
		Debug|Any CPU = Debug|Any CPU
		Release|Any CPU = Release|Any CPU
	EndGlobalSection
	GlobalSection(ProjectConfigurationPlatforms) = postSolution
		{F28F74BA-94DD-4CBD-AC5F-D4C5086BBF79}.Debug|Any CPU.ActiveCfg = Debug|Any CPU
		{F28F74BA-94DD-4CBD-AC5F-D4C5086BBF79}.Debug|Any CPU.Build.0 = Debug|Any CPU
		{F28F74BA-94DD-4CBD-AC5F-D4C5086BBF79}.Release|Any CPU.ActiveCfg = Release|Any CPU
		{F28F74BA-94DD-4CBD-AC5F-D4C5086BBF79}.Release|Any CPU.Build.0 = Release|Any CPU
	EndGlobalSection
	GlobalSection(SolutionProperties) = preSolution
		HideSolutionNode = FALSE
	EndGlobalSection
	GlobalSection(ExtensibilityGlobals) = postSolution
		SolutionGuid = {BA5694DB-0E33-4DBD-B134-FB213BE4D626}
	EndGlobalSection
EndGlobal
